
Microsoft Visual Studio Solution File, Format Version 12.00
# Visual Studio Version 16
VisualStudioVersion = 16.0.29613.14
MinimumVisualStudioVersion = 10.0.40219.1
Project("{9A19103F-16F7-4668-BE54-9A1E7A4F7556}") = "Exercises", "Exercises\Exercises.csproj", "{84BAC0A8-071C-4822-9E0F-3AD0C53D25F3}"
EndProject
Project("{9A19103F-16F7-4668-BE54-9A1E7A4F7556}") = "Exercises.Tests", "Exercises.Tests\Exercises.Tests.csproj", "{549F3BEB-9F02-4A93-809E-EF86105D3BC2}"
EndProject
Project("{2150E333-8FDC-42A3-9474-1A3956D46DE8}") = "Solution Items", "Solution Items", "{4192AD7C-B665-4EE5-8CA5-19F7335BEF80}"
	ProjectSection(SolutionItems) = preProject
		.editorconfig = .editorconfig
	EndProjectSection
EndProject
Global
	GlobalSection(SolutionConfigurationPlatforms) = preSolution
		Debug|Any CPU = Debug|Any CPU
		Release|Any CPU = Release|Any CPU
	EndGlobalSection
	GlobalSection(ProjectConfigurationPlatforms) = postSolution
		{84BAC0A8-071C-4822-9E0F-3AD0C53D25F3}.Debug|Any CPU.ActiveCfg = Debug|Any CPU
		{84BAC0A8-071C-4822-9E0F-3AD0C53D25F3}.Debug|Any CPU.Build.0 = Debug|Any CPU
		{84BAC0A8-071C-4822-9E0F-3AD0C53D25F3}.Release|Any CPU.ActiveCfg = Release|Any CPU
		{84BAC0A8-071C-4822-9E0F-3AD0C53D25F3}.Release|Any CPU.Build.0 = Release|Any CPU
		{549F3BEB-9F02-4A93-809E-EF86105D3BC2}.Debug|Any CPU.ActiveCfg = Debug|Any CPU
		{549F3BEB-9F02-4A93-809E-EF86105D3BC2}.Debug|Any CPU.Build.0 = Debug|Any CPU
		{549F3BEB-9F02-4A93-809E-EF86105D3BC2}.Release|Any CPU.ActiveCfg = Release|Any CPU
		{549F3BEB-9F02-4A93-809E-EF86105D3BC2}.Release|Any CPU.Build.0 = Release|Any CPU
	EndGlobalSection
	GlobalSection(SolutionProperties) = preSolution
		HideSolutionNode = FALSE
	EndGlobalSection
	GlobalSection(ExtensibilityGlobals) = postSolution
		SolutionGuid = {AA408948-8A80-4C18-A11C-6530E575B354}
	EndGlobalSection
EndGlobal
